
Microsoft Visual Studio Solution File, Format Version 12.00
# Visual Studio 15
VisualStudioVersion = 15.0.28307.572
MinimumVisualStudioVersion = 10.0.40219.1
Project("{FAE04EC0-301F-11D3-BF4B-00C04F79EFBC}") = "Calculator", "Calculator\Calculator.csproj", "{4C744935-5C80-45CF-BFAC-502429830FA7}"
EndProject
Project("{FAE04EC0-301F-11D3-BF4B-00C04F79EFBC}") = "Calculator.Tests", "Calculator.Tests\Calculator.Tests.csproj", "{530717C8-5C43-491F-A22A-6E3A2D12145C}"
EndProject
Global
	GlobalSection(SolutionConfigurationPlatforms) = preSolution
		Debug|Any CPU = Debug|Any CPU
		Release|Any CPU = Release|Any CPU
	EndGlobalSection
	GlobalSection(ProjectConfigurationPlatforms) = postSolution
		{4C744935-5C80-45CF-BFAC-502429830FA7}.Debug|Any CPU.ActiveCfg = Debug|Any CPU
		{4C744935-5C80-45CF-BFAC-502429830FA7}.Debug|Any CPU.Build.0 = Debug|Any CPU
		{4C744935-5C80-45CF-BFAC-502429830FA7}.Release|Any CPU.ActiveCfg = Release|Any CPU
		{4C744935-5C80-45CF-BFAC-502429830FA7}.Release|Any CPU.Build.0 = Release|Any CPU
		{530717C8-5C43-491F-A22A-6E3A2D12145C}.Debug|Any CPU.ActiveCfg = Debug|Any CPU
		{530717C8-5C43-491F-A22A-6E3A2D12145C}.Debug|Any CPU.Build.0 = Debug|Any CPU
		{530717C8-5C43-491F-A22A-6E3A2D12145C}.Release|Any CPU.ActiveCfg = Release|Any CPU
		{530717C8-5C43-491F-A22A-6E3A2D12145C}.Release|Any CPU.Build.0 = Release|Any CPU
	EndGlobalSection
	GlobalSection(SolutionProperties) = preSolution
		HideSolutionNode = FALSE
	EndGlobalSection
	GlobalSection(ExtensibilityGlobals) = postSolution
		SolutionGuid = {1E1B9194-C607-46ED-B98F-C19EE8B0EEBE}
	EndGlobalSection
EndGlobal
