
Microsoft Visual Studio Solution File, Format Version 12.00
# Visual Studio 15
VisualStudioVersion = 15.0.28307.572
MinimumVisualStudioVersion = 10.0.40219.1
Project("{9A19103F-16F7-4668-BE54-9A1E7A4F7556}") = "ppedv.Annoy-o-tron.Model", "ppedv.Annoy-o-tron.Model\ppedv.Annoy-o-tron.Model.csproj", "{191F827C-7EA6-48C0-A869-7DAFCB4E8D2C}"
EndProject
Project("{FAE04EC0-301F-11D3-BF4B-00C04F79EFBC}") = "ppedv.Annoy_o_tron.Data.EF", "ppedv.Annoy_o_tron.Data.EF\ppedv.Annoy_o_tron.Data.EF.csproj", "{41B3D873-4DDA-49FC-9D53-C7D240D89AF5}"
EndProject
Project("{FAE04EC0-301F-11D3-BF4B-00C04F79EFBC}") = "ppedv.Annoy_o_tron.Data.EF.Tests", "ppedv.Annoy_o_tron.Data.EF.Tests\ppedv.Annoy_o_tron.Data.EF.Tests.csproj", "{557E096D-E7B1-4032-BB7D-8414290364F1}"
EndProject
Project("{FAE04EC0-301F-11D3-BF4B-00C04F79EFBC}") = "ppedv.Annoy_o_tron.Logic", "ppedv.Annoy_o_tron.Logic\ppedv.Annoy_o_tron.Logic.csproj", "{0088ADCD-CAD5-42C3-A681-46A95FFB2236}"
EndProject
Project("{FAE04EC0-301F-11D3-BF4B-00C04F79EFBC}") = "ppedv.Annoy_o_tron.UI.TestConsole", "ppedv.Annoy_o_tron.UI.TestConsole\ppedv.Annoy_o_tron.UI.TestConsole.csproj", "{4C5C2BAE-F04B-424C-8EF9-925D39BE70B9}"
EndProject
Project("{FAE04EC0-301F-11D3-BF4B-00C04F79EFBC}") = "ppedv.Annoy_o_tron.Logic.Tests", "ppedv.Annoy_o_tron.Logic.Tests\ppedv.Annoy_o_tron.Logic.Tests.csproj", "{C569F13B-C8C2-454B-94E7-1200136A3AFF}"
EndProject
Global
	GlobalSection(SolutionConfigurationPlatforms) = preSolution
		Debug|Any CPU = Debug|Any CPU
		Release|Any CPU = Release|Any CPU
	EndGlobalSection
	GlobalSection(ProjectConfigurationPlatforms) = postSolution
		{191F827C-7EA6-48C0-A869-7DAFCB4E8D2C}.Debug|Any CPU.ActiveCfg = Debug|Any CPU
		{191F827C-7EA6-48C0-A869-7DAFCB4E8D2C}.Debug|Any CPU.Build.0 = Debug|Any CPU
		{191F827C-7EA6-48C0-A869-7DAFCB4E8D2C}.Release|Any CPU.ActiveCfg = Release|Any CPU
		{191F827C-7EA6-48C0-A869-7DAFCB4E8D2C}.Release|Any CPU.Build.0 = Release|Any CPU
		{41B3D873-4DDA-49FC-9D53-C7D240D89AF5}.Debug|Any CPU.ActiveCfg = Debug|Any CPU
		{41B3D873-4DDA-49FC-9D53-C7D240D89AF5}.Debug|Any CPU.Build.0 = Debug|Any CPU
		{41B3D873-4DDA-49FC-9D53-C7D240D89AF5}.Release|Any CPU.ActiveCfg = Release|Any CPU
		{41B3D873-4DDA-49FC-9D53-C7D240D89AF5}.Release|Any CPU.Build.0 = Release|Any CPU
		{557E096D-E7B1-4032-BB7D-8414290364F1}.Debug|Any CPU.ActiveCfg = Debug|Any CPU
		{557E096D-E7B1-4032-BB7D-8414290364F1}.Debug|Any CPU.Build.0 = Debug|Any CPU
		{557E096D-E7B1-4032-BB7D-8414290364F1}.Release|Any CPU.ActiveCfg = Release|Any CPU
		{557E096D-E7B1-4032-BB7D-8414290364F1}.Release|Any CPU.Build.0 = Release|Any CPU
		{0088ADCD-CAD5-42C3-A681-46A95FFB2236}.Debug|Any CPU.ActiveCfg = Debug|Any CPU
		{0088ADCD-CAD5-42C3-A681-46A95FFB2236}.Debug|Any CPU.Build.0 = Debug|Any CPU
		{0088ADCD-CAD5-42C3-A681-46A95FFB2236}.Release|Any CPU.ActiveCfg = Release|Any CPU
		{0088ADCD-CAD5-42C3-A681-46A95FFB2236}.Release|Any CPU.Build.0 = Release|Any CPU
		{4C5C2BAE-F04B-424C-8EF9-925D39BE70B9}.Debug|Any CPU.ActiveCfg = Debug|Any CPU
		{4C5C2BAE-F04B-424C-8EF9-925D39BE70B9}.Debug|Any CPU.Build.0 = Debug|Any CPU
		{4C5C2BAE-F04B-424C-8EF9-925D39BE70B9}.Release|Any CPU.ActiveCfg = Release|Any CPU
		{4C5C2BAE-F04B-424C-8EF9-925D39BE70B9}.Release|Any CPU.Build.0 = Release|Any CPU
		{C569F13B-C8C2-454B-94E7-1200136A3AFF}.Debug|Any CPU.ActiveCfg = Debug|Any CPU
		{C569F13B-C8C2-454B-94E7-1200136A3AFF}.Debug|Any CPU.Build.0 = Debug|Any CPU
		{C569F13B-C8C2-454B-94E7-1200136A3AFF}.Release|Any CPU.ActiveCfg = Release|Any CPU
		{C569F13B-C8C2-454B-94E7-1200136A3AFF}.Release|Any CPU.Build.0 = Release|Any CPU
	EndGlobalSection
	GlobalSection(SolutionProperties) = preSolution
		HideSolutionNode = FALSE
	EndGlobalSection
	GlobalSection(ExtensibilityGlobals) = postSolution
		SolutionGuid = {7E6D62EA-7E6E-46EA-89C2-40B722C361FF}
	EndGlobalSection
EndGlobal
